
Microsoft Visual Studio Solution File, Format Version 12.00
# Visual Studio Version 16
VisualStudioVersion = 16.0.30021.99
MinimumVisualStudioVersion = 15.0.26124.0
Project("{2150E333-8FDC-42A3-9474-1A3956D46DE8}") = "src", "src", "{54004F27-AEC5-4C56-B808-B105A556067C}"
EndProject
Project("{9A19103F-16F7-4668-BE54-9A1E7A4F7556}") = "Kss.CommitBatchScanController", "src\CommitBatchScanController\Kss.CommitBatchScanController.csproj", "{6594C39D-F72E-4838-8423-BAC73CCE895B}"
EndProject
Project("{9A19103F-16F7-4668-BE54-9A1E7A4F7556}") = "Kss.CommitBatchScanScheduler", "src\CommitBatchScanScheduler\Kss.CommitBatchScanScheduler.csproj", "{125CF7CC-E7F5-4E9D-894A-44B38407083F}"
EndProject
Project("{9A19103F-16F7-4668-BE54-9A1E7A4F7556}") = "Kss.CommitBatchScanWorker", "src\CommitBatchScanWorker\Kss.CommitBatchScanWorker.csproj", "{0818E47C-8887-4693-871D-C2769BE0BEC8}"
EndProject
Project("{9A19103F-16F7-4668-BE54-9A1E7A4F7556}") = "Kss.CommitScanController", "src\CommitScanController\Kss.CommitScanController.csproj", "{84415928-29C1-4E72-8818-E58390178B22}"
EndProject
Project("{9A19103F-16F7-4668-BE54-9A1E7A4F7556}") = "Kss.CommitScanScheduler", "src\CommitScanScheduler\Kss.CommitScanScheduler.csproj", "{4F979A52-1FA2-4E6B-A80E-FDE2AFACE3CE}"
EndProject
Project("{9A19103F-16F7-4668-BE54-9A1E7A4F7556}") = "Kss.CommitScanWorker", "src\CommitScanWorker\Kss.CommitScanWorker.csproj", "{B15AF780-3CE2-4A75-A1D6-E67B0B554EAD}"
EndProject
Project("{9A19103F-16F7-4668-BE54-9A1E7A4F7556}") = "Kss.ApiServer", "src\Kss.ApiServer\Kss.ApiServer.csproj", "{2F52EC86-8BBF-4880-BF21-8A20E53B89E8}"
EndProject
Project("{9A19103F-16F7-4668-BE54-9A1E7A4F7556}") = "Kss.RepositoryScanController", "src\RepositoryScanController\Kss.RepositoryScanController.csproj", "{32DBFCAA-E0B9-426E-B90C-878C256889AB}"
EndProject
Project("{9A19103F-16F7-4668-BE54-9A1E7A4F7556}") = "Kss.RepositoryScanScheduler", "src\RepositoryScanScheduler\Kss.RepositoryScanScheduler.csproj", "{9D24192C-041F-4067-A89E-220D5D3611D1}"
EndProject
Project("{9A19103F-16F7-4668-BE54-9A1E7A4F7556}") = "Kss.RepositoryScanWorker", "src\RepositoryScanWorker\Kss.RepositoryScanWorker.csproj", "{45A6E333-33A2-4745-B231-5CE1DA9948EA}"
EndProject
Project("{2150E333-8FDC-42A3-9474-1A3956D46DE8}") = "test", "test", "{B35ADCED-11C6-427A-92C9-C97FE5364C6A}"
EndProject
Project("{9A19103F-16F7-4668-BE54-9A1E7A4F7556}") = "CommitBatchScan.Tests", "test\CommitBatchScan.Tests\CommitBatchScan.Tests.csproj", "{C59D12DB-ED7D-4EFD-B38E-8EF72369B45B}"
EndProject
Project("{9A19103F-16F7-4668-BE54-9A1E7A4F7556}") = "CommitBatchScanController.Tests", "test\CommitBatchScanController.Tests\CommitBatchScanController.Tests.csproj", "{59B17686-4BC1-4032-A527-2720A532E448}"
EndProject
Project("{9A19103F-16F7-4668-BE54-9A1E7A4F7556}") = "CommitBatchScanScheduler.Tests", "test\CommitBatchScanScheduler.Tests\CommitBatchScanScheduler.Tests.csproj", "{84BFDFFC-28F3-47B9-ADD4-2C1FEBD18F09}"
EndProject
Project("{9A19103F-16F7-4668-BE54-9A1E7A4F7556}") = "CommitBatchScanWorker.Tests", "test\CommitBatchScanWorker.Tests\CommitBatchScanWorker.Tests.csproj", "{E08E19BC-4C5D-44FB-9440-39BE6177DB71}"
EndProject
Project("{9A19103F-16F7-4668-BE54-9A1E7A4F7556}") = "CommitScan.Tests", "test\CommitScan.Tests\CommitScan.Tests.csproj", "{5713BCB5-AE23-4E91-B1D9-B64BF3B9B145}"
EndProject
Project("{9A19103F-16F7-4668-BE54-9A1E7A4F7556}") = "CommitScanController.Tests", "test\CommitScanController.Tests\CommitScanController.Tests.csproj", "{422AEAE6-4F99-4E7F-9379-BB2A9D78DC0E}"
EndProject
Project("{9A19103F-16F7-4668-BE54-9A1E7A4F7556}") = "CommitScanScheduler.Tests", "test\CommitScanScheduler.Tests\CommitScanScheduler.Tests.csproj", "{E7688F8A-1600-4292-A99A-CC8C676EAF90}"
EndProject
Project("{9A19103F-16F7-4668-BE54-9A1E7A4F7556}") = "CommitScanWorker.Tests", "test\CommitScanWorker.Tests\CommitScanWorker.Tests.csproj", "{2909A39F-EA8C-434C-8614-456FE1CE5C18}"
EndProject
Project("{9A19103F-16F7-4668-BE54-9A1E7A4F7556}") = "Kss.ApiServer.Tests", "test\Kss.ApiServer.Tests\Kss.ApiServer.Tests.csproj", "{C3D3E36E-5B7B-4026-A2D9-0FC4065303A3}"
EndProject
Project("{9A19103F-16F7-4668-BE54-9A1E7A4F7556}") = "Kss.Models.Tests", "test\Kss.Models.Tests\Kss.Models.Tests.csproj", "{161D0F6A-D191-4759-A94C-F1E6F05FAF2B}"
EndProject
Project("{9A19103F-16F7-4668-BE54-9A1E7A4F7556}") = "Kss.Repository.Tests", "test\Kss.Repository.Tests\Kss.Repository.Tests.csproj", "{DF440FC8-2DB7-4F7F-855F-9480EBAD07E3}"
EndProject
Project("{9A19103F-16F7-4668-BE54-9A1E7A4F7556}") = "RepositoryScan.Tests", "test\RepositoryScan.Tests\RepositoryScan.Tests.csproj", "{508280C8-03E3-481A-8601-B842C36B81B7}"
EndProject
Project("{9A19103F-16F7-4668-BE54-9A1E7A4F7556}") = "RepositoryScanController.Tests", "test\RepositoryScanController.Tests\RepositoryScanController.Tests.csproj", "{6F49350A-D3EE-4A22-8BF7-549459572D75}"
EndProject
Project("{9A19103F-16F7-4668-BE54-9A1E7A4F7556}") = "RepositoryScanScheduler.Tests", "test\RepositoryScanScheduler.Tests\RepositoryScanScheduler.Tests.csproj", "{E0688EBC-84F1-4E89-9D94-3C4D5B8343CB}"
EndProject
Project("{9A19103F-16F7-4668-BE54-9A1E7A4F7556}") = "RepositoryScanWorker.Tests", "test\RepositoryScanWorker.Tests\RepositoryScanWorker.Tests.csproj", "{CD7F0030-53A7-44AA-ACC2-DB7F74D3FCDF}"
EndProject
Project("{9A19103F-16F7-4668-BE54-9A1E7A4F7556}") = "Kss.Cli", "src\Kss.Cli\Kss.Cli.csproj", "{29B9A91B-BB79-4372-9165-5F630F2185AF}"
EndProject
Project("{9A19103F-16F7-4668-BE54-9A1E7A4F7556}") = "Kss.Models", "src\Kss.Models\Kss.Models.csproj", "{F0F6B86B-EFCF-48C2-9A09-53F0218D2947}"
EndProject
Global
	GlobalSection(SolutionConfigurationPlatforms) = preSolution
		Debug|Any CPU = Debug|Any CPU
		Debug|x64 = Debug|x64
		Debug|x86 = Debug|x86
		Release|Any CPU = Release|Any CPU
		Release|x64 = Release|x64
		Release|x86 = Release|x86
	EndGlobalSection
	GlobalSection(ProjectConfigurationPlatforms) = postSolution
		{6594C39D-F72E-4838-8423-BAC73CCE895B}.Debug|Any CPU.ActiveCfg = Debug|Any CPU
		{6594C39D-F72E-4838-8423-BAC73CCE895B}.Debug|Any CPU.Build.0 = Debug|Any CPU
		{6594C39D-F72E-4838-8423-BAC73CCE895B}.Debug|x64.ActiveCfg = Debug|Any CPU
		{6594C39D-F72E-4838-8423-BAC73CCE895B}.Debug|x64.Build.0 = Debug|Any CPU
		{6594C39D-F72E-4838-8423-BAC73CCE895B}.Debug|x86.ActiveCfg = Debug|Any CPU
		{6594C39D-F72E-4838-8423-BAC73CCE895B}.Debug|x86.Build.0 = Debug|Any CPU
		{6594C39D-F72E-4838-8423-BAC73CCE895B}.Release|Any CPU.ActiveCfg = Release|Any CPU
		{6594C39D-F72E-4838-8423-BAC73CCE895B}.Release|Any CPU.Build.0 = Release|Any CPU
		{6594C39D-F72E-4838-8423-BAC73CCE895B}.Release|x64.ActiveCfg = Release|Any CPU
		{6594C39D-F72E-4838-8423-BAC73CCE895B}.Release|x64.Build.0 = Release|Any CPU
		{6594C39D-F72E-4838-8423-BAC73CCE895B}.Release|x86.ActiveCfg = Release|Any CPU
		{6594C39D-F72E-4838-8423-BAC73CCE895B}.Release|x86.Build.0 = Release|Any CPU
		{125CF7CC-E7F5-4E9D-894A-44B38407083F}.Debug|Any CPU.ActiveCfg = Debug|Any CPU
		{125CF7CC-E7F5-4E9D-894A-44B38407083F}.Debug|Any CPU.Build.0 = Debug|Any CPU
		{125CF7CC-E7F5-4E9D-894A-44B38407083F}.Debug|x64.ActiveCfg = Debug|Any CPU
		{125CF7CC-E7F5-4E9D-894A-44B38407083F}.Debug|x64.Build.0 = Debug|Any CPU
		{125CF7CC-E7F5-4E9D-894A-44B38407083F}.Debug|x86.ActiveCfg = Debug|Any CPU
		{125CF7CC-E7F5-4E9D-894A-44B38407083F}.Debug|x86.Build.0 = Debug|Any CPU
		{125CF7CC-E7F5-4E9D-894A-44B38407083F}.Release|Any CPU.ActiveCfg = Release|Any CPU
		{125CF7CC-E7F5-4E9D-894A-44B38407083F}.Release|Any CPU.Build.0 = Release|Any CPU
		{125CF7CC-E7F5-4E9D-894A-44B38407083F}.Release|x64.ActiveCfg = Release|Any CPU
		{125CF7CC-E7F5-4E9D-894A-44B38407083F}.Release|x64.Build.0 = Release|Any CPU
		{125CF7CC-E7F5-4E9D-894A-44B38407083F}.Release|x86.ActiveCfg = Release|Any CPU
		{125CF7CC-E7F5-4E9D-894A-44B38407083F}.Release|x86.Build.0 = Release|Any CPU
		{0818E47C-8887-4693-871D-C2769BE0BEC8}.Debug|Any CPU.ActiveCfg = Debug|Any CPU
		{0818E47C-8887-4693-871D-C2769BE0BEC8}.Debug|Any CPU.Build.0 = Debug|Any CPU
		{0818E47C-8887-4693-871D-C2769BE0BEC8}.Debug|x64.ActiveCfg = Debug|Any CPU
		{0818E47C-8887-4693-871D-C2769BE0BEC8}.Debug|x64.Build.0 = Debug|Any CPU
		{0818E47C-8887-4693-871D-C2769BE0BEC8}.Debug|x86.ActiveCfg = Debug|Any CPU
		{0818E47C-8887-4693-871D-C2769BE0BEC8}.Debug|x86.Build.0 = Debug|Any CPU
		{0818E47C-8887-4693-871D-C2769BE0BEC8}.Release|Any CPU.ActiveCfg = Release|Any CPU
		{0818E47C-8887-4693-871D-C2769BE0BEC8}.Release|Any CPU.Build.0 = Release|Any CPU
		{0818E47C-8887-4693-871D-C2769BE0BEC8}.Release|x64.ActiveCfg = Release|Any CPU
		{0818E47C-8887-4693-871D-C2769BE0BEC8}.Release|x64.Build.0 = Release|Any CPU
		{0818E47C-8887-4693-871D-C2769BE0BEC8}.Release|x86.ActiveCfg = Release|Any CPU
		{0818E47C-8887-4693-871D-C2769BE0BEC8}.Release|x86.Build.0 = Release|Any CPU
		{84415928-29C1-4E72-8818-E58390178B22}.Debug|Any CPU.ActiveCfg = Debug|Any CPU
		{84415928-29C1-4E72-8818-E58390178B22}.Debug|Any CPU.Build.0 = Debug|Any CPU
		{84415928-29C1-4E72-8818-E58390178B22}.Debug|x64.ActiveCfg = Debug|Any CPU
		{84415928-29C1-4E72-8818-E58390178B22}.Debug|x64.Build.0 = Debug|Any CPU
		{84415928-29C1-4E72-8818-E58390178B22}.Debug|x86.ActiveCfg = Debug|Any CPU
		{84415928-29C1-4E72-8818-E58390178B22}.Debug|x86.Build.0 = Debug|Any CPU
		{84415928-29C1-4E72-8818-E58390178B22}.Release|Any CPU.ActiveCfg = Release|Any CPU
		{84415928-29C1-4E72-8818-E58390178B22}.Release|Any CPU.Build.0 = Release|Any CPU
		{84415928-29C1-4E72-8818-E58390178B22}.Release|x64.ActiveCfg = Release|Any CPU
		{84415928-29C1-4E72-8818-E58390178B22}.Release|x64.Build.0 = Release|Any CPU
		{84415928-29C1-4E72-8818-E58390178B22}.Release|x86.ActiveCfg = Release|Any CPU
		{84415928-29C1-4E72-8818-E58390178B22}.Release|x86.Build.0 = Release|Any CPU
		{4F979A52-1FA2-4E6B-A80E-FDE2AFACE3CE}.Debug|Any CPU.ActiveCfg = Debug|Any CPU
		{4F979A52-1FA2-4E6B-A80E-FDE2AFACE3CE}.Debug|Any CPU.Build.0 = Debug|Any CPU
		{4F979A52-1FA2-4E6B-A80E-FDE2AFACE3CE}.Debug|x64.ActiveCfg = Debug|Any CPU
		{4F979A52-1FA2-4E6B-A80E-FDE2AFACE3CE}.Debug|x64.Build.0 = Debug|Any CPU
		{4F979A52-1FA2-4E6B-A80E-FDE2AFACE3CE}.Debug|x86.ActiveCfg = Debug|Any CPU
		{4F979A52-1FA2-4E6B-A80E-FDE2AFACE3CE}.Debug|x86.Build.0 = Debug|Any CPU
		{4F979A52-1FA2-4E6B-A80E-FDE2AFACE3CE}.Release|Any CPU.ActiveCfg = Release|Any CPU
		{4F979A52-1FA2-4E6B-A80E-FDE2AFACE3CE}.Release|Any CPU.Build.0 = Release|Any CPU
		{4F979A52-1FA2-4E6B-A80E-FDE2AFACE3CE}.Release|x64.ActiveCfg = Release|Any CPU
		{4F979A52-1FA2-4E6B-A80E-FDE2AFACE3CE}.Release|x64.Build.0 = Release|Any CPU
		{4F979A52-1FA2-4E6B-A80E-FDE2AFACE3CE}.Release|x86.ActiveCfg = Release|Any CPU
		{4F979A52-1FA2-4E6B-A80E-FDE2AFACE3CE}.Release|x86.Build.0 = Release|Any CPU
		{B15AF780-3CE2-4A75-A1D6-E67B0B554EAD}.Debug|Any CPU.ActiveCfg = Debug|Any CPU
		{B15AF780-3CE2-4A75-A1D6-E67B0B554EAD}.Debug|Any CPU.Build.0 = Debug|Any CPU
		{B15AF780-3CE2-4A75-A1D6-E67B0B554EAD}.Debug|x64.ActiveCfg = Debug|Any CPU
		{B15AF780-3CE2-4A75-A1D6-E67B0B554EAD}.Debug|x64.Build.0 = Debug|Any CPU
		{B15AF780-3CE2-4A75-A1D6-E67B0B554EAD}.Debug|x86.ActiveCfg = Debug|Any CPU
		{B15AF780-3CE2-4A75-A1D6-E67B0B554EAD}.Debug|x86.Build.0 = Debug|Any CPU
		{B15AF780-3CE2-4A75-A1D6-E67B0B554EAD}.Release|Any CPU.ActiveCfg = Release|Any CPU
		{B15AF780-3CE2-4A75-A1D6-E67B0B554EAD}.Release|Any CPU.Build.0 = Release|Any CPU
		{B15AF780-3CE2-4A75-A1D6-E67B0B554EAD}.Release|x64.ActiveCfg = Release|Any CPU
		{B15AF780-3CE2-4A75-A1D6-E67B0B554EAD}.Release|x64.Build.0 = Release|Any CPU
		{B15AF780-3CE2-4A75-A1D6-E67B0B554EAD}.Release|x86.ActiveCfg = Release|Any CPU
		{B15AF780-3CE2-4A75-A1D6-E67B0B554EAD}.Release|x86.Build.0 = Release|Any CPU
		{2F52EC86-8BBF-4880-BF21-8A20E53B89E8}.Debug|Any CPU.ActiveCfg = Debug|Any CPU
		{2F52EC86-8BBF-4880-BF21-8A20E53B89E8}.Debug|Any CPU.Build.0 = Debug|Any CPU
		{2F52EC86-8BBF-4880-BF21-8A20E53B89E8}.Debug|x64.ActiveCfg = Debug|Any CPU
		{2F52EC86-8BBF-4880-BF21-8A20E53B89E8}.Debug|x64.Build.0 = Debug|Any CPU
		{2F52EC86-8BBF-4880-BF21-8A20E53B89E8}.Debug|x86.ActiveCfg = Debug|Any CPU
		{2F52EC86-8BBF-4880-BF21-8A20E53B89E8}.Debug|x86.Build.0 = Debug|Any CPU
		{2F52EC86-8BBF-4880-BF21-8A20E53B89E8}.Release|Any CPU.ActiveCfg = Release|Any CPU
		{2F52EC86-8BBF-4880-BF21-8A20E53B89E8}.Release|Any CPU.Build.0 = Release|Any CPU
		{2F52EC86-8BBF-4880-BF21-8A20E53B89E8}.Release|x64.ActiveCfg = Release|Any CPU
		{2F52EC86-8BBF-4880-BF21-8A20E53B89E8}.Release|x64.Build.0 = Release|Any CPU
		{2F52EC86-8BBF-4880-BF21-8A20E53B89E8}.Release|x86.ActiveCfg = Release|Any CPU
		{2F52EC86-8BBF-4880-BF21-8A20E53B89E8}.Release|x86.Build.0 = Release|Any CPU
		{32DBFCAA-E0B9-426E-B90C-878C256889AB}.Debug|Any CPU.ActiveCfg = Debug|Any CPU
		{32DBFCAA-E0B9-426E-B90C-878C256889AB}.Debug|Any CPU.Build.0 = Debug|Any CPU
		{32DBFCAA-E0B9-426E-B90C-878C256889AB}.Debug|x64.ActiveCfg = Debug|Any CPU
		{32DBFCAA-E0B9-426E-B90C-878C256889AB}.Debug|x64.Build.0 = Debug|Any CPU
		{32DBFCAA-E0B9-426E-B90C-878C256889AB}.Debug|x86.ActiveCfg = Debug|Any CPU
		{32DBFCAA-E0B9-426E-B90C-878C256889AB}.Debug|x86.Build.0 = Debug|Any CPU
		{32DBFCAA-E0B9-426E-B90C-878C256889AB}.Release|Any CPU.ActiveCfg = Release|Any CPU
		{32DBFCAA-E0B9-426E-B90C-878C256889AB}.Release|Any CPU.Build.0 = Release|Any CPU
		{32DBFCAA-E0B9-426E-B90C-878C256889AB}.Release|x64.ActiveCfg = Release|Any CPU
		{32DBFCAA-E0B9-426E-B90C-878C256889AB}.Release|x64.Build.0 = Release|Any CPU
		{32DBFCAA-E0B9-426E-B90C-878C256889AB}.Release|x86.ActiveCfg = Release|Any CPU
		{32DBFCAA-E0B9-426E-B90C-878C256889AB}.Release|x86.Build.0 = Release|Any CPU
		{9D24192C-041F-4067-A89E-220D5D3611D1}.Debug|Any CPU.ActiveCfg = Debug|Any CPU
		{9D24192C-041F-4067-A89E-220D5D3611D1}.Debug|Any CPU.Build.0 = Debug|Any CPU
		{9D24192C-041F-4067-A89E-220D5D3611D1}.Debug|x64.ActiveCfg = Debug|Any CPU
		{9D24192C-041F-4067-A89E-220D5D3611D1}.Debug|x64.Build.0 = Debug|Any CPU
		{9D24192C-041F-4067-A89E-220D5D3611D1}.Debug|x86.ActiveCfg = Debug|Any CPU
		{9D24192C-041F-4067-A89E-220D5D3611D1}.Debug|x86.Build.0 = Debug|Any CPU
		{9D24192C-041F-4067-A89E-220D5D3611D1}.Release|Any CPU.ActiveCfg = Release|Any CPU
		{9D24192C-041F-4067-A89E-220D5D3611D1}.Release|Any CPU.Build.0 = Release|Any CPU
		{9D24192C-041F-4067-A89E-220D5D3611D1}.Release|x64.ActiveCfg = Release|Any CPU
		{9D24192C-041F-4067-A89E-220D5D3611D1}.Release|x64.Build.0 = Release|Any CPU
		{9D24192C-041F-4067-A89E-220D5D3611D1}.Release|x86.ActiveCfg = Release|Any CPU
		{9D24192C-041F-4067-A89E-220D5D3611D1}.Release|x86.Build.0 = Release|Any CPU
		{45A6E333-33A2-4745-B231-5CE1DA9948EA}.Debug|Any CPU.ActiveCfg = Debug|Any CPU
		{45A6E333-33A2-4745-B231-5CE1DA9948EA}.Debug|Any CPU.Build.0 = Debug|Any CPU
		{45A6E333-33A2-4745-B231-5CE1DA9948EA}.Debug|x64.ActiveCfg = Debug|Any CPU
		{45A6E333-33A2-4745-B231-5CE1DA9948EA}.Debug|x64.Build.0 = Debug|Any CPU
		{45A6E333-33A2-4745-B231-5CE1DA9948EA}.Debug|x86.ActiveCfg = Debug|Any CPU
		{45A6E333-33A2-4745-B231-5CE1DA9948EA}.Debug|x86.Build.0 = Debug|Any CPU
		{45A6E333-33A2-4745-B231-5CE1DA9948EA}.Release|Any CPU.ActiveCfg = Release|Any CPU
		{45A6E333-33A2-4745-B231-5CE1DA9948EA}.Release|Any CPU.Build.0 = Release|Any CPU
		{45A6E333-33A2-4745-B231-5CE1DA9948EA}.Release|x64.ActiveCfg = Release|Any CPU
		{45A6E333-33A2-4745-B231-5CE1DA9948EA}.Release|x64.Build.0 = Release|Any CPU
		{45A6E333-33A2-4745-B231-5CE1DA9948EA}.Release|x86.ActiveCfg = Release|Any CPU
		{45A6E333-33A2-4745-B231-5CE1DA9948EA}.Release|x86.Build.0 = Release|Any CPU
		{C59D12DB-ED7D-4EFD-B38E-8EF72369B45B}.Debug|Any CPU.ActiveCfg = Debug|Any CPU
		{C59D12DB-ED7D-4EFD-B38E-8EF72369B45B}.Debug|Any CPU.Build.0 = Debug|Any CPU
		{C59D12DB-ED7D-4EFD-B38E-8EF72369B45B}.Debug|x64.ActiveCfg = Debug|Any CPU
		{C59D12DB-ED7D-4EFD-B38E-8EF72369B45B}.Debug|x64.Build.0 = Debug|Any CPU
		{C59D12DB-ED7D-4EFD-B38E-8EF72369B45B}.Debug|x86.ActiveCfg = Debug|Any CPU
		{C59D12DB-ED7D-4EFD-B38E-8EF72369B45B}.Debug|x86.Build.0 = Debug|Any CPU
		{C59D12DB-ED7D-4EFD-B38E-8EF72369B45B}.Release|Any CPU.ActiveCfg = Release|Any CPU
		{C59D12DB-ED7D-4EFD-B38E-8EF72369B45B}.Release|Any CPU.Build.0 = Release|Any CPU
		{C59D12DB-ED7D-4EFD-B38E-8EF72369B45B}.Release|x64.ActiveCfg = Release|Any CPU
		{C59D12DB-ED7D-4EFD-B38E-8EF72369B45B}.Release|x64.Build.0 = Release|Any CPU
		{C59D12DB-ED7D-4EFD-B38E-8EF72369B45B}.Release|x86.ActiveCfg = Release|Any CPU
		{C59D12DB-ED7D-4EFD-B38E-8EF72369B45B}.Release|x86.Build.0 = Release|Any CPU
		{59B17686-4BC1-4032-A527-2720A532E448}.Debug|Any CPU.ActiveCfg = Debug|Any CPU
		{59B17686-4BC1-4032-A527-2720A532E448}.Debug|Any CPU.Build.0 = Debug|Any CPU
		{59B17686-4BC1-4032-A527-2720A532E448}.Debug|x64.ActiveCfg = Debug|Any CPU
		{59B17686-4BC1-4032-A527-2720A532E448}.Debug|x64.Build.0 = Debug|Any CPU
		{59B17686-4BC1-4032-A527-2720A532E448}.Debug|x86.ActiveCfg = Debug|Any CPU
		{59B17686-4BC1-4032-A527-2720A532E448}.Debug|x86.Build.0 = Debug|Any CPU
		{59B17686-4BC1-4032-A527-2720A532E448}.Release|Any CPU.ActiveCfg = Release|Any CPU
		{59B17686-4BC1-4032-A527-2720A532E448}.Release|Any CPU.Build.0 = Release|Any CPU
		{59B17686-4BC1-4032-A527-2720A532E448}.Release|x64.ActiveCfg = Release|Any CPU
		{59B17686-4BC1-4032-A527-2720A532E448}.Release|x64.Build.0 = Release|Any CPU
		{59B17686-4BC1-4032-A527-2720A532E448}.Release|x86.ActiveCfg = Release|Any CPU
		{59B17686-4BC1-4032-A527-2720A532E448}.Release|x86.Build.0 = Release|Any CPU
		{84BFDFFC-28F3-47B9-ADD4-2C1FEBD18F09}.Debug|Any CPU.ActiveCfg = Debug|Any CPU
		{84BFDFFC-28F3-47B9-ADD4-2C1FEBD18F09}.Debug|Any CPU.Build.0 = Debug|Any CPU
		{84BFDFFC-28F3-47B9-ADD4-2C1FEBD18F09}.Debug|x64.ActiveCfg = Debug|Any CPU
		{84BFDFFC-28F3-47B9-ADD4-2C1FEBD18F09}.Debug|x64.Build.0 = Debug|Any CPU
		{84BFDFFC-28F3-47B9-ADD4-2C1FEBD18F09}.Debug|x86.ActiveCfg = Debug|Any CPU
		{84BFDFFC-28F3-47B9-ADD4-2C1FEBD18F09}.Debug|x86.Build.0 = Debug|Any CPU
		{84BFDFFC-28F3-47B9-ADD4-2C1FEBD18F09}.Release|Any CPU.ActiveCfg = Release|Any CPU
		{84BFDFFC-28F3-47B9-ADD4-2C1FEBD18F09}.Release|Any CPU.Build.0 = Release|Any CPU
		{84BFDFFC-28F3-47B9-ADD4-2C1FEBD18F09}.Release|x64.ActiveCfg = Release|Any CPU
		{84BFDFFC-28F3-47B9-ADD4-2C1FEBD18F09}.Release|x64.Build.0 = Release|Any CPU
		{84BFDFFC-28F3-47B9-ADD4-2C1FEBD18F09}.Release|x86.ActiveCfg = Release|Any CPU
		{84BFDFFC-28F3-47B9-ADD4-2C1FEBD18F09}.Release|x86.Build.0 = Release|Any CPU
		{E08E19BC-4C5D-44FB-9440-39BE6177DB71}.Debug|Any CPU.ActiveCfg = Debug|Any CPU
		{E08E19BC-4C5D-44FB-9440-39BE6177DB71}.Debug|Any CPU.Build.0 = Debug|Any CPU
		{E08E19BC-4C5D-44FB-9440-39BE6177DB71}.Debug|x64.ActiveCfg = Debug|Any CPU
		{E08E19BC-4C5D-44FB-9440-39BE6177DB71}.Debug|x64.Build.0 = Debug|Any CPU
		{E08E19BC-4C5D-44FB-9440-39BE6177DB71}.Debug|x86.ActiveCfg = Debug|Any CPU
		{E08E19BC-4C5D-44FB-9440-39BE6177DB71}.Debug|x86.Build.0 = Debug|Any CPU
		{E08E19BC-4C5D-44FB-9440-39BE6177DB71}.Release|Any CPU.ActiveCfg = Release|Any CPU
		{E08E19BC-4C5D-44FB-9440-39BE6177DB71}.Release|Any CPU.Build.0 = Release|Any CPU
		{E08E19BC-4C5D-44FB-9440-39BE6177DB71}.Release|x64.ActiveCfg = Release|Any CPU
		{E08E19BC-4C5D-44FB-9440-39BE6177DB71}.Release|x64.Build.0 = Release|Any CPU
		{E08E19BC-4C5D-44FB-9440-39BE6177DB71}.Release|x86.ActiveCfg = Release|Any CPU
		{E08E19BC-4C5D-44FB-9440-39BE6177DB71}.Release|x86.Build.0 = Release|Any CPU
		{5713BCB5-AE23-4E91-B1D9-B64BF3B9B145}.Debug|Any CPU.ActiveCfg = Debug|Any CPU
		{5713BCB5-AE23-4E91-B1D9-B64BF3B9B145}.Debug|Any CPU.Build.0 = Debug|Any CPU
		{5713BCB5-AE23-4E91-B1D9-B64BF3B9B145}.Debug|x64.ActiveCfg = Debug|Any CPU
		{5713BCB5-AE23-4E91-B1D9-B64BF3B9B145}.Debug|x64.Build.0 = Debug|Any CPU
		{5713BCB5-AE23-4E91-B1D9-B64BF3B9B145}.Debug|x86.ActiveCfg = Debug|Any CPU
		{5713BCB5-AE23-4E91-B1D9-B64BF3B9B145}.Debug|x86.Build.0 = Debug|Any CPU
		{5713BCB5-AE23-4E91-B1D9-B64BF3B9B145}.Release|Any CPU.ActiveCfg = Release|Any CPU
		{5713BCB5-AE23-4E91-B1D9-B64BF3B9B145}.Release|Any CPU.Build.0 = Release|Any CPU
		{5713BCB5-AE23-4E91-B1D9-B64BF3B9B145}.Release|x64.ActiveCfg = Release|Any CPU
		{5713BCB5-AE23-4E91-B1D9-B64BF3B9B145}.Release|x64.Build.0 = Release|Any CPU
		{5713BCB5-AE23-4E91-B1D9-B64BF3B9B145}.Release|x86.ActiveCfg = Release|Any CPU
		{5713BCB5-AE23-4E91-B1D9-B64BF3B9B145}.Release|x86.Build.0 = Release|Any CPU
		{422AEAE6-4F99-4E7F-9379-BB2A9D78DC0E}.Debug|Any CPU.ActiveCfg = Debug|Any CPU
		{422AEAE6-4F99-4E7F-9379-BB2A9D78DC0E}.Debug|Any CPU.Build.0 = Debug|Any CPU
		{422AEAE6-4F99-4E7F-9379-BB2A9D78DC0E}.Debug|x64.ActiveCfg = Debug|Any CPU
		{422AEAE6-4F99-4E7F-9379-BB2A9D78DC0E}.Debug|x64.Build.0 = Debug|Any CPU
		{422AEAE6-4F99-4E7F-9379-BB2A9D78DC0E}.Debug|x86.ActiveCfg = Debug|Any CPU
		{422AEAE6-4F99-4E7F-9379-BB2A9D78DC0E}.Debug|x86.Build.0 = Debug|Any CPU
		{422AEAE6-4F99-4E7F-9379-BB2A9D78DC0E}.Release|Any CPU.ActiveCfg = Release|Any CPU
		{422AEAE6-4F99-4E7F-9379-BB2A9D78DC0E}.Release|Any CPU.Build.0 = Release|Any CPU
		{422AEAE6-4F99-4E7F-9379-BB2A9D78DC0E}.Release|x64.ActiveCfg = Release|Any CPU
		{422AEAE6-4F99-4E7F-9379-BB2A9D78DC0E}.Release|x64.Build.0 = Release|Any CPU
		{422AEAE6-4F99-4E7F-9379-BB2A9D78DC0E}.Release|x86.ActiveCfg = Release|Any CPU
		{422AEAE6-4F99-4E7F-9379-BB2A9D78DC0E}.Release|x86.Build.0 = Release|Any CPU
		{E7688F8A-1600-4292-A99A-CC8C676EAF90}.Debug|Any CPU.ActiveCfg = Debug|Any CPU
		{E7688F8A-1600-4292-A99A-CC8C676EAF90}.Debug|Any CPU.Build.0 = Debug|Any CPU
		{E7688F8A-1600-4292-A99A-CC8C676EAF90}.Debug|x64.ActiveCfg = Debug|Any CPU
		{E7688F8A-1600-4292-A99A-CC8C676EAF90}.Debug|x64.Build.0 = Debug|Any CPU
		{E7688F8A-1600-4292-A99A-CC8C676EAF90}.Debug|x86.ActiveCfg = Debug|Any CPU
		{E7688F8A-1600-4292-A99A-CC8C676EAF90}.Debug|x86.Build.0 = Debug|Any CPU
		{E7688F8A-1600-4292-A99A-CC8C676EAF90}.Release|Any CPU.ActiveCfg = Release|Any CPU
		{E7688F8A-1600-4292-A99A-CC8C676EAF90}.Release|Any CPU.Build.0 = Release|Any CPU
		{E7688F8A-1600-4292-A99A-CC8C676EAF90}.Release|x64.ActiveCfg = Release|Any CPU
		{E7688F8A-1600-4292-A99A-CC8C676EAF90}.Release|x64.Build.0 = Release|Any CPU
		{E7688F8A-1600-4292-A99A-CC8C676EAF90}.Release|x86.ActiveCfg = Release|Any CPU
		{E7688F8A-1600-4292-A99A-CC8C676EAF90}.Release|x86.Build.0 = Release|Any CPU
		{2909A39F-EA8C-434C-8614-456FE1CE5C18}.Debug|Any CPU.ActiveCfg = Debug|Any CPU
		{2909A39F-EA8C-434C-8614-456FE1CE5C18}.Debug|Any CPU.Build.0 = Debug|Any CPU
		{2909A39F-EA8C-434C-8614-456FE1CE5C18}.Debug|x64.ActiveCfg = Debug|Any CPU
		{2909A39F-EA8C-434C-8614-456FE1CE5C18}.Debug|x64.Build.0 = Debug|Any CPU
		{2909A39F-EA8C-434C-8614-456FE1CE5C18}.Debug|x86.ActiveCfg = Debug|Any CPU
		{2909A39F-EA8C-434C-8614-456FE1CE5C18}.Debug|x86.Build.0 = Debug|Any CPU
		{2909A39F-EA8C-434C-8614-456FE1CE5C18}.Release|Any CPU.ActiveCfg = Release|Any CPU
		{2909A39F-EA8C-434C-8614-456FE1CE5C18}.Release|Any CPU.Build.0 = Release|Any CPU
		{2909A39F-EA8C-434C-8614-456FE1CE5C18}.Release|x64.ActiveCfg = Release|Any CPU
		{2909A39F-EA8C-434C-8614-456FE1CE5C18}.Release|x64.Build.0 = Release|Any CPU
		{2909A39F-EA8C-434C-8614-456FE1CE5C18}.Release|x86.ActiveCfg = Release|Any CPU
		{2909A39F-EA8C-434C-8614-456FE1CE5C18}.Release|x86.Build.0 = Release|Any CPU
		{C3D3E36E-5B7B-4026-A2D9-0FC4065303A3}.Debug|Any CPU.ActiveCfg = Debug|Any CPU
		{C3D3E36E-5B7B-4026-A2D9-0FC4065303A3}.Debug|Any CPU.Build.0 = Debug|Any CPU
		{C3D3E36E-5B7B-4026-A2D9-0FC4065303A3}.Debug|x64.ActiveCfg = Debug|Any CPU
		{C3D3E36E-5B7B-4026-A2D9-0FC4065303A3}.Debug|x64.Build.0 = Debug|Any CPU
		{C3D3E36E-5B7B-4026-A2D9-0FC4065303A3}.Debug|x86.ActiveCfg = Debug|Any CPU
		{C3D3E36E-5B7B-4026-A2D9-0FC4065303A3}.Debug|x86.Build.0 = Debug|Any CPU
		{C3D3E36E-5B7B-4026-A2D9-0FC4065303A3}.Release|Any CPU.ActiveCfg = Release|Any CPU
		{C3D3E36E-5B7B-4026-A2D9-0FC4065303A3}.Release|Any CPU.Build.0 = Release|Any CPU
		{C3D3E36E-5B7B-4026-A2D9-0FC4065303A3}.Release|x64.ActiveCfg = Release|Any CPU
		{C3D3E36E-5B7B-4026-A2D9-0FC4065303A3}.Release|x64.Build.0 = Release|Any CPU
		{C3D3E36E-5B7B-4026-A2D9-0FC4065303A3}.Release|x86.ActiveCfg = Release|Any CPU
		{C3D3E36E-5B7B-4026-A2D9-0FC4065303A3}.Release|x86.Build.0 = Release|Any CPU
		{161D0F6A-D191-4759-A94C-F1E6F05FAF2B}.Debug|Any CPU.ActiveCfg = Debug|Any CPU
		{161D0F6A-D191-4759-A94C-F1E6F05FAF2B}.Debug|Any CPU.Build.0 = Debug|Any CPU
		{161D0F6A-D191-4759-A94C-F1E6F05FAF2B}.Debug|x64.ActiveCfg = Debug|Any CPU
		{161D0F6A-D191-4759-A94C-F1E6F05FAF2B}.Debug|x64.Build.0 = Debug|Any CPU
		{161D0F6A-D191-4759-A94C-F1E6F05FAF2B}.Debug|x86.ActiveCfg = Debug|Any CPU
		{161D0F6A-D191-4759-A94C-F1E6F05FAF2B}.Debug|x86.Build.0 = Debug|Any CPU
		{161D0F6A-D191-4759-A94C-F1E6F05FAF2B}.Release|Any CPU.ActiveCfg = Release|Any CPU
		{161D0F6A-D191-4759-A94C-F1E6F05FAF2B}.Release|Any CPU.Build.0 = Release|Any CPU
		{161D0F6A-D191-4759-A94C-F1E6F05FAF2B}.Release|x64.ActiveCfg = Release|Any CPU
		{161D0F6A-D191-4759-A94C-F1E6F05FAF2B}.Release|x64.Build.0 = Release|Any CPU
		{161D0F6A-D191-4759-A94C-F1E6F05FAF2B}.Release|x86.ActiveCfg = Release|Any CPU
		{161D0F6A-D191-4759-A94C-F1E6F05FAF2B}.Release|x86.Build.0 = Release|Any CPU
		{DF440FC8-2DB7-4F7F-855F-9480EBAD07E3}.Debug|Any CPU.ActiveCfg = Debug|Any CPU
		{DF440FC8-2DB7-4F7F-855F-9480EBAD07E3}.Debug|Any CPU.Build.0 = Debug|Any CPU
		{DF440FC8-2DB7-4F7F-855F-9480EBAD07E3}.Debug|x64.ActiveCfg = Debug|Any CPU
		{DF440FC8-2DB7-4F7F-855F-9480EBAD07E3}.Debug|x64.Build.0 = Debug|Any CPU
		{DF440FC8-2DB7-4F7F-855F-9480EBAD07E3}.Debug|x86.ActiveCfg = Debug|Any CPU
		{DF440FC8-2DB7-4F7F-855F-9480EBAD07E3}.Debug|x86.Build.0 = Debug|Any CPU
		{DF440FC8-2DB7-4F7F-855F-9480EBAD07E3}.Release|Any CPU.ActiveCfg = Release|Any CPU
		{DF440FC8-2DB7-4F7F-855F-9480EBAD07E3}.Release|Any CPU.Build.0 = Release|Any CPU
		{DF440FC8-2DB7-4F7F-855F-9480EBAD07E3}.Release|x64.ActiveCfg = Release|Any CPU
		{DF440FC8-2DB7-4F7F-855F-9480EBAD07E3}.Release|x64.Build.0 = Release|Any CPU
		{DF440FC8-2DB7-4F7F-855F-9480EBAD07E3}.Release|x86.ActiveCfg = Release|Any CPU
		{DF440FC8-2DB7-4F7F-855F-9480EBAD07E3}.Release|x86.Build.0 = Release|Any CPU
		{508280C8-03E3-481A-8601-B842C36B81B7}.Debug|Any CPU.ActiveCfg = Debug|Any CPU
		{508280C8-03E3-481A-8601-B842C36B81B7}.Debug|Any CPU.Build.0 = Debug|Any CPU
		{508280C8-03E3-481A-8601-B842C36B81B7}.Debug|x64.ActiveCfg = Debug|Any CPU
		{508280C8-03E3-481A-8601-B842C36B81B7}.Debug|x64.Build.0 = Debug|Any CPU
		{508280C8-03E3-481A-8601-B842C36B81B7}.Debug|x86.ActiveCfg = Debug|Any CPU
		{508280C8-03E3-481A-8601-B842C36B81B7}.Debug|x86.Build.0 = Debug|Any CPU
		{508280C8-03E3-481A-8601-B842C36B81B7}.Release|Any CPU.ActiveCfg = Release|Any CPU
		{508280C8-03E3-481A-8601-B842C36B81B7}.Release|Any CPU.Build.0 = Release|Any CPU
		{508280C8-03E3-481A-8601-B842C36B81B7}.Release|x64.ActiveCfg = Release|Any CPU
		{508280C8-03E3-481A-8601-B842C36B81B7}.Release|x64.Build.0 = Release|Any CPU
		{508280C8-03E3-481A-8601-B842C36B81B7}.Release|x86.ActiveCfg = Release|Any CPU
		{508280C8-03E3-481A-8601-B842C36B81B7}.Release|x86.Build.0 = Release|Any CPU
		{6F49350A-D3EE-4A22-8BF7-549459572D75}.Debug|Any CPU.ActiveCfg = Debug|Any CPU
		{6F49350A-D3EE-4A22-8BF7-549459572D75}.Debug|Any CPU.Build.0 = Debug|Any CPU
		{6F49350A-D3EE-4A22-8BF7-549459572D75}.Debug|x64.ActiveCfg = Debug|Any CPU
		{6F49350A-D3EE-4A22-8BF7-549459572D75}.Debug|x64.Build.0 = Debug|Any CPU
		{6F49350A-D3EE-4A22-8BF7-549459572D75}.Debug|x86.ActiveCfg = Debug|Any CPU
		{6F49350A-D3EE-4A22-8BF7-549459572D75}.Debug|x86.Build.0 = Debug|Any CPU
		{6F49350A-D3EE-4A22-8BF7-549459572D75}.Release|Any CPU.ActiveCfg = Release|Any CPU
		{6F49350A-D3EE-4A22-8BF7-549459572D75}.Release|Any CPU.Build.0 = Release|Any CPU
		{6F49350A-D3EE-4A22-8BF7-549459572D75}.Release|x64.ActiveCfg = Release|Any CPU
		{6F49350A-D3EE-4A22-8BF7-549459572D75}.Release|x64.Build.0 = Release|Any CPU
		{6F49350A-D3EE-4A22-8BF7-549459572D75}.Release|x86.ActiveCfg = Release|Any CPU
		{6F49350A-D3EE-4A22-8BF7-549459572D75}.Release|x86.Build.0 = Release|Any CPU
		{E0688EBC-84F1-4E89-9D94-3C4D5B8343CB}.Debug|Any CPU.ActiveCfg = Debug|Any CPU
		{E0688EBC-84F1-4E89-9D94-3C4D5B8343CB}.Debug|Any CPU.Build.0 = Debug|Any CPU
		{E0688EBC-84F1-4E89-9D94-3C4D5B8343CB}.Debug|x64.ActiveCfg = Debug|Any CPU
		{E0688EBC-84F1-4E89-9D94-3C4D5B8343CB}.Debug|x64.Build.0 = Debug|Any CPU
		{E0688EBC-84F1-4E89-9D94-3C4D5B8343CB}.Debug|x86.ActiveCfg = Debug|Any CPU
		{E0688EBC-84F1-4E89-9D94-3C4D5B8343CB}.Debug|x86.Build.0 = Debug|Any CPU
		{E0688EBC-84F1-4E89-9D94-3C4D5B8343CB}.Release|Any CPU.ActiveCfg = Release|Any CPU
		{E0688EBC-84F1-4E89-9D94-3C4D5B8343CB}.Release|Any CPU.Build.0 = Release|Any CPU
		{E0688EBC-84F1-4E89-9D94-3C4D5B8343CB}.Release|x64.ActiveCfg = Release|Any CPU
		{E0688EBC-84F1-4E89-9D94-3C4D5B8343CB}.Release|x64.Build.0 = Release|Any CPU
		{E0688EBC-84F1-4E89-9D94-3C4D5B8343CB}.Release|x86.ActiveCfg = Release|Any CPU
		{E0688EBC-84F1-4E89-9D94-3C4D5B8343CB}.Release|x86.Build.0 = Release|Any CPU
		{CD7F0030-53A7-44AA-ACC2-DB7F74D3FCDF}.Debug|Any CPU.ActiveCfg = Debug|Any CPU
		{CD7F0030-53A7-44AA-ACC2-DB7F74D3FCDF}.Debug|Any CPU.Build.0 = Debug|Any CPU
		{CD7F0030-53A7-44AA-ACC2-DB7F74D3FCDF}.Debug|x64.ActiveCfg = Debug|Any CPU
		{CD7F0030-53A7-44AA-ACC2-DB7F74D3FCDF}.Debug|x64.Build.0 = Debug|Any CPU
		{CD7F0030-53A7-44AA-ACC2-DB7F74D3FCDF}.Debug|x86.ActiveCfg = Debug|Any CPU
		{CD7F0030-53A7-44AA-ACC2-DB7F74D3FCDF}.Debug|x86.Build.0 = Debug|Any CPU
		{CD7F0030-53A7-44AA-ACC2-DB7F74D3FCDF}.Release|Any CPU.ActiveCfg = Release|Any CPU
		{CD7F0030-53A7-44AA-ACC2-DB7F74D3FCDF}.Release|Any CPU.Build.0 = Release|Any CPU
		{CD7F0030-53A7-44AA-ACC2-DB7F74D3FCDF}.Release|x64.ActiveCfg = Release|Any CPU
		{CD7F0030-53A7-44AA-ACC2-DB7F74D3FCDF}.Release|x64.Build.0 = Release|Any CPU
		{CD7F0030-53A7-44AA-ACC2-DB7F74D3FCDF}.Release|x86.ActiveCfg = Release|Any CPU
		{CD7F0030-53A7-44AA-ACC2-DB7F74D3FCDF}.Release|x86.Build.0 = Release|Any CPU
		{29B9A91B-BB79-4372-9165-5F630F2185AF}.Debug|Any CPU.ActiveCfg = Debug|Any CPU
		{29B9A91B-BB79-4372-9165-5F630F2185AF}.Debug|Any CPU.Build.0 = Debug|Any CPU
		{29B9A91B-BB79-4372-9165-5F630F2185AF}.Debug|x64.ActiveCfg = Debug|Any CPU
		{29B9A91B-BB79-4372-9165-5F630F2185AF}.Debug|x64.Build.0 = Debug|Any CPU
		{29B9A91B-BB79-4372-9165-5F630F2185AF}.Debug|x86.ActiveCfg = Debug|Any CPU
		{29B9A91B-BB79-4372-9165-5F630F2185AF}.Debug|x86.Build.0 = Debug|Any CPU
		{29B9A91B-BB79-4372-9165-5F630F2185AF}.Release|Any CPU.ActiveCfg = Release|Any CPU
		{29B9A91B-BB79-4372-9165-5F630F2185AF}.Release|Any CPU.Build.0 = Release|Any CPU
		{29B9A91B-BB79-4372-9165-5F630F2185AF}.Release|x64.ActiveCfg = Release|Any CPU
		{29B9A91B-BB79-4372-9165-5F630F2185AF}.Release|x64.Build.0 = Release|Any CPU
		{29B9A91B-BB79-4372-9165-5F630F2185AF}.Release|x86.ActiveCfg = Release|Any CPU
		{29B9A91B-BB79-4372-9165-5F630F2185AF}.Release|x86.Build.0 = Release|Any CPU
		{F0F6B86B-EFCF-48C2-9A09-53F0218D2947}.Debug|Any CPU.ActiveCfg = Debug|Any CPU
		{F0F6B86B-EFCF-48C2-9A09-53F0218D2947}.Debug|Any CPU.Build.0 = Debug|Any CPU
		{F0F6B86B-EFCF-48C2-9A09-53F0218D2947}.Debug|x64.ActiveCfg = Debug|Any CPU
		{F0F6B86B-EFCF-48C2-9A09-53F0218D2947}.Debug|x64.Build.0 = Debug|Any CPU
		{F0F6B86B-EFCF-48C2-9A09-53F0218D2947}.Debug|x86.ActiveCfg = Debug|Any CPU
		{F0F6B86B-EFCF-48C2-9A09-53F0218D2947}.Debug|x86.Build.0 = Debug|Any CPU
		{F0F6B86B-EFCF-48C2-9A09-53F0218D2947}.Release|Any CPU.ActiveCfg = Release|Any CPU
		{F0F6B86B-EFCF-48C2-9A09-53F0218D2947}.Release|Any CPU.Build.0 = Release|Any CPU
		{F0F6B86B-EFCF-48C2-9A09-53F0218D2947}.Release|x64.ActiveCfg = Release|Any CPU
		{F0F6B86B-EFCF-48C2-9A09-53F0218D2947}.Release|x64.Build.0 = Release|Any CPU
		{F0F6B86B-EFCF-48C2-9A09-53F0218D2947}.Release|x86.ActiveCfg = Release|Any CPU
		{F0F6B86B-EFCF-48C2-9A09-53F0218D2947}.Release|x86.Build.0 = Release|Any CPU
	EndGlobalSection
	GlobalSection(SolutionProperties) = preSolution
		HideSolutionNode = FALSE
	EndGlobalSection
	GlobalSection(NestedProjects) = preSolution
		{6594C39D-F72E-4838-8423-BAC73CCE895B} = {54004F27-AEC5-4C56-B808-B105A556067C}
		{125CF7CC-E7F5-4E9D-894A-44B38407083F} = {54004F27-AEC5-4C56-B808-B105A556067C}
		{0818E47C-8887-4693-871D-C2769BE0BEC8} = {54004F27-AEC5-4C56-B808-B105A556067C}
		{84415928-29C1-4E72-8818-E58390178B22} = {54004F27-AEC5-4C56-B808-B105A556067C}
		{4F979A52-1FA2-4E6B-A80E-FDE2AFACE3CE} = {54004F27-AEC5-4C56-B808-B105A556067C}
		{B15AF780-3CE2-4A75-A1D6-E67B0B554EAD} = {54004F27-AEC5-4C56-B808-B105A556067C}
		{2F52EC86-8BBF-4880-BF21-8A20E53B89E8} = {54004F27-AEC5-4C56-B808-B105A556067C}
		{32DBFCAA-E0B9-426E-B90C-878C256889AB} = {54004F27-AEC5-4C56-B808-B105A556067C}
		{9D24192C-041F-4067-A89E-220D5D3611D1} = {54004F27-AEC5-4C56-B808-B105A556067C}
		{45A6E333-33A2-4745-B231-5CE1DA9948EA} = {54004F27-AEC5-4C56-B808-B105A556067C}
		{C59D12DB-ED7D-4EFD-B38E-8EF72369B45B} = {B35ADCED-11C6-427A-92C9-C97FE5364C6A}
		{59B17686-4BC1-4032-A527-2720A532E448} = {B35ADCED-11C6-427A-92C9-C97FE5364C6A}
		{84BFDFFC-28F3-47B9-ADD4-2C1FEBD18F09} = {B35ADCED-11C6-427A-92C9-C97FE5364C6A}
		{E08E19BC-4C5D-44FB-9440-39BE6177DB71} = {B35ADCED-11C6-427A-92C9-C97FE5364C6A}
		{5713BCB5-AE23-4E91-B1D9-B64BF3B9B145} = {B35ADCED-11C6-427A-92C9-C97FE5364C6A}
		{422AEAE6-4F99-4E7F-9379-BB2A9D78DC0E} = {B35ADCED-11C6-427A-92C9-C97FE5364C6A}
		{E7688F8A-1600-4292-A99A-CC8C676EAF90} = {B35ADCED-11C6-427A-92C9-C97FE5364C6A}
		{2909A39F-EA8C-434C-8614-456FE1CE5C18} = {B35ADCED-11C6-427A-92C9-C97FE5364C6A}
		{C3D3E36E-5B7B-4026-A2D9-0FC4065303A3} = {B35ADCED-11C6-427A-92C9-C97FE5364C6A}
		{161D0F6A-D191-4759-A94C-F1E6F05FAF2B} = {B35ADCED-11C6-427A-92C9-C97FE5364C6A}
		{DF440FC8-2DB7-4F7F-855F-9480EBAD07E3} = {B35ADCED-11C6-427A-92C9-C97FE5364C6A}
		{508280C8-03E3-481A-8601-B842C36B81B7} = {B35ADCED-11C6-427A-92C9-C97FE5364C6A}
		{6F49350A-D3EE-4A22-8BF7-549459572D75} = {B35ADCED-11C6-427A-92C9-C97FE5364C6A}
		{E0688EBC-84F1-4E89-9D94-3C4D5B8343CB} = {B35ADCED-11C6-427A-92C9-C97FE5364C6A}
		{CD7F0030-53A7-44AA-ACC2-DB7F74D3FCDF} = {B35ADCED-11C6-427A-92C9-C97FE5364C6A}
		{29B9A91B-BB79-4372-9165-5F630F2185AF} = {54004F27-AEC5-4C56-B808-B105A556067C}
		{F0F6B86B-EFCF-48C2-9A09-53F0218D2947} = {54004F27-AEC5-4C56-B808-B105A556067C}
	EndGlobalSection
	GlobalSection(ExtensibilityGlobals) = postSolution
		SolutionGuid = {88F9D680-A4DE-470D-9F3C-3C6CE7D819C4}
	EndGlobalSection
EndGlobal
